// !$*UTF8*$!
{
	archiveVersion = 1;
	classes = {
	};
	objectVersion = 56;
	objects = {

/* Begin PBXBuildFile section */
		48723A3DEF0FB894A0390110 /* Pods_domeLogin.framework in Frameworks */ = {isa = PBXBuildFile; fileRef = 52D5E35CA865EC01D19FC457 /* Pods_domeLogin.framework */; };
		E90E6ABF2A20992A009F008D /* FirebaseLoginViewController.swift in Sources */ = {isa = PBXBuildFile; fileRef = E90E6ABE2A20992A009F008D /* FirebaseLoginViewController.swift */; };
		E90E6AC12A20A6F4009F008D /* Login.swift in Sources */ = {isa = PBXBuildFile; fileRef = E90E6AC02A20A6F4009F008D /* Login.swift */; };
		E90E6AC32A20ABDA009F008D /* Alert + ViewController.swift in Sources */ = {isa = PBXBuildFile; fileRef = E90E6AC22A20ABDA009F008D /* Alert + ViewController.swift */; };
		E90E6AC62A219D7E009F008D /* FacebookLogin in Frameworks */ = {isa = PBXBuildFile; productRef = E90E6AC52A219D7E009F008D /* FacebookLogin */; };
		E93528D82A1D022900823DF3 /* AppDelegate.swift in Sources */ = {isa = PBXBuildFile; fileRef = E93528D72A1D022900823DF3 /* AppDelegate.swift */; };
		E93528DA2A1D022900823DF3 /* SceneDelegate.swift in Sources */ = {isa = PBXBuildFile; fileRef = E93528D92A1D022900823DF3 /* SceneDelegate.swift */; };
		E93528E12A1D022A00823DF3 /* Assets.xcassets in Resources */ = {isa = PBXBuildFile; fileRef = E93528E02A1D022A00823DF3 /* Assets.xcassets */; };
		E93528E42A1D022A00823DF3 /* LaunchScreen.storyboard in Resources */ = {isa = PBXBuildFile; fileRef = E93528E22A1D022A00823DF3 /* LaunchScreen.storyboard */; };
		E93528F62A1D094C00823DF3 /* LoginViewController.swift in Sources */ = {isa = PBXBuildFile; fileRef = E93528F52A1D094C00823DF3 /* LoginViewController.swift */; };
		E93528F82A1E4EEA00823DF3 /* GoogleService-Info.plist in Resources */ = {isa = PBXBuildFile; fileRef = E93528F72A1E4EEA00823DF3 /* GoogleService-Info.plist */; };
		E93528FA2A20972800823DF3 /* FirebaseRegisterViewController.swift in Sources */ = {isa = PBXBuildFile; fileRef = E93528F92A20972800823DF3 /* FirebaseRegisterViewController.swift */; };
		E99ED2752A28C39B00AFC723 /* NewsTableViewController.swift in Sources */ = {isa = PBXBuildFile; fileRef = E99ED2742A28C39B00AFC723 /* NewsTableViewController.swift */; };
		E99ED2772A28C3B700AFC723 /* NewsTableViewCell.swift in Sources */ = {isa = PBXBuildFile; fileRef = E99ED2762A28C3B700AFC723 /* NewsTableViewCell.swift */; };
		E99ED2792A28C59B00AFC723 /* NewsModel.swift in Sources */ = {isa = PBXBuildFile; fileRef = E99ED2782A28C59B00AFC723 /* NewsModel.swift */; };
		E99ED27C2A28CAEB00AFC723 /* GetArticles.swift in Sources */ = {isa = PBXBuildFile; fileRef = E99ED27B2A28CAEB00AFC723 /* GetArticles.swift */; };
		E99ED2812A2A482900AFC723 /* Weather.swift in Sources */ = {isa = PBXBuildFile; fileRef = E99ED2802A2A482900AFC723 /* Weather.swift */; };
		E99ED2832A2A4A0600AFC723 /* GetWeather.swift in Sources */ = {isa = PBXBuildFile; fileRef = E99ED2822A2A4A0600AFC723 /* GetWeather.swift */; };
		E9B0A9952A6C223E00140A49 /* MainTabBarController.swift in Sources */ = {isa = PBXBuildFile; fileRef = E9B0A9942A6C223E00140A49 /* MainTabBarController.swift */; };
		E9B0A9972A6C22C800140A49 /* MainNavigationController.swift in Sources */ = {isa = PBXBuildFile; fileRef = E9B0A9962A6C22C800140A49 /* MainNavigationController.swift */; };
		E9FD91C42A2AC27C008CB668 /* WeatherViewController.swift in Sources */ = {isa = PBXBuildFile; fileRef = E9FD91C32A2AC27C008CB668 /* WeatherViewController.swift */; };
		E9FD91C72A2E1EDC008CB668 /* GoogleMapModel.swift in Sources */ = {isa = PBXBuildFile; fileRef = E9FD91C62A2E1EDC008CB668 /* GoogleMapModel.swift */; };
		E9FD91C92A2F5CE3008CB668 /* GoogleMaps.swift in Sources */ = {isa = PBXBuildFile; fileRef = E9FD91C82A2F5CE3008CB668 /* GoogleMaps.swift */; };
		E9FD91CB2A2F64F3008CB668 /* GoogleMapTableViewController.swift in Sources */ = {isa = PBXBuildFile; fileRef = E9FD91CA2A2F64F3008CB668 /* GoogleMapTableViewController.swift */; };
		E9FD91CD2A2F653F008CB668 /* GoogleMapTableViewCell.swift in Sources */ = {isa = PBXBuildFile; fileRef = E9FD91CC2A2F653F008CB668 /* GoogleMapTableViewCell.swift */; };
		E9FD91CF2A30C2BF008CB668 /* DetailViewController.swift in Sources */ = {isa = PBXBuildFile; fileRef = E9FD91CE2A30C2BF008CB668 /* DetailViewController.swift */; };
		E9FD91D12A30D1FE008CB668 /* PhotoCollectionViewCell.swift in Sources */ = {isa = PBXBuildFile; fileRef = E9FD91D02A30D1FE008CB668 /* PhotoCollectionViewCell.swift */; };
		E9FD91D32A30D236008CB668 /* ReviewsTableViewCell.swift in Sources */ = {isa = PBXBuildFile; fileRef = E9FD91D22A30D236008CB668 /* ReviewsTableViewCell.swift */; };
/* End PBXBuildFile section */

/* Begin PBXFileReference section */
		52D5E35CA865EC01D19FC457 /* Pods_domeLogin.framework */ = {isa = PBXFileReference; explicitFileType = wrapper.framework; includeInIndex = 0; path = Pods_domeLogin.framework; sourceTree = BUILT_PRODUCTS_DIR; };
		C59001C5B6DE8F177E78CFDE /* Pods-domeLogin.debug.xcconfig */ = {isa = PBXFileReference; includeInIndex = 1; lastKnownFileType = text.xcconfig; name = "Pods-domeLogin.debug.xcconfig"; path = "Target Support Files/Pods-domeLogin/Pods-domeLogin.debug.xcconfig"; sourceTree = "<group>"; };
		E6C662AA9B2DD74A0E5EC65F /* Pods-domeLogin.release.xcconfig */ = {isa = PBXFileReference; includeInIndex = 1; lastKnownFileType = text.xcconfig; name = "Pods-domeLogin.release.xcconfig"; path = "Target Support Files/Pods-domeLogin/Pods-domeLogin.release.xcconfig"; sourceTree = "<group>"; };
		E90E6ABE2A20992A009F008D /* FirebaseLoginViewController.swift */ = {isa = PBXFileReference; lastKnownFileType = sourcecode.swift; path = FirebaseLoginViewController.swift; sourceTree = "<group>"; };
		E90E6AC02A20A6F4009F008D /* Login.swift */ = {isa = PBXFileReference; lastKnownFileType = sourcecode.swift; path = Login.swift; sourceTree = "<group>"; };
		E90E6AC22A20ABDA009F008D /* Alert + ViewController.swift */ = {isa = PBXFileReference; lastKnownFileType = sourcecode.swift; path = "Alert + ViewController.swift"; sourceTree = "<group>"; };
		E93528D42A1D022900823DF3 /* domeLogin.app */ = {isa = PBXFileReference; explicitFileType = wrapper.application; includeInIndex = 0; path = domeLogin.app; sourceTree = BUILT_PRODUCTS_DIR; };
		E93528D72A1D022900823DF3 /* AppDelegate.swift */ = {isa = PBXFileReference; lastKnownFileType = sourcecode.swift; path = AppDelegate.swift; sourceTree = "<group>"; };
		E93528D92A1D022900823DF3 /* SceneDelegate.swift */ = {isa = PBXFileReference; lastKnownFileType = sourcecode.swift; path = SceneDelegate.swift; sourceTree = "<group>"; };
		E93528E02A1D022A00823DF3 /* Assets.xcassets */ = {isa = PBXFileReference; lastKnownFileType = folder.assetcatalog; path = Assets.xcassets; sourceTree = "<group>"; };
		E93528E32A1D022A00823DF3 /* Base */ = {isa = PBXFileReference; lastKnownFileType = file.storyboard; name = Base; path = Base.lproj/LaunchScreen.storyboard; sourceTree = "<group>"; };
		E93528E52A1D022A00823DF3 /* Info.plist */ = {isa = PBXFileReference; lastKnownFileType = text.plist.xml; path = Info.plist; sourceTree = "<group>"; };
		E93528EB2A1D039600823DF3 /* domeLogin.entitlements */ = {isa = PBXFileReference; lastKnownFileType = text.plist.entitlements; path = domeLogin.entitlements; sourceTree = "<group>"; };
		E93528F52A1D094C00823DF3 /* LoginViewController.swift */ = {isa = PBXFileReference; lastKnownFileType = sourcecode.swift; path = LoginViewController.swift; sourceTree = "<group>"; };
		E93528F72A1E4EEA00823DF3 /* GoogleService-Info.plist */ = {isa = PBXFileReference; fileEncoding = 4; lastKnownFileType = text.plist.xml; path = "GoogleService-Info.plist"; sourceTree = "<group>"; };
		E93528F92A20972800823DF3 /* FirebaseRegisterViewController.swift */ = {isa = PBXFileReference; lastKnownFileType = sourcecode.swift; path = FirebaseRegisterViewController.swift; sourceTree = "<group>"; };
		E99ED2742A28C39B00AFC723 /* NewsTableViewController.swift */ = {isa = PBXFileReference; lastKnownFileType = sourcecode.swift; path = NewsTableViewController.swift; sourceTree = "<group>"; };
		E99ED2762A28C3B700AFC723 /* NewsTableViewCell.swift */ = {isa = PBXFileReference; lastKnownFileType = sourcecode.swift; path = NewsTableViewCell.swift; sourceTree = "<group>"; };
		E99ED2782A28C59B00AFC723 /* NewsModel.swift */ = {isa = PBXFileReference; lastKnownFileType = sourcecode.swift; path = NewsModel.swift; sourceTree = "<group>"; };
		E99ED27B2A28CAEB00AFC723 /* GetArticles.swift */ = {isa = PBXFileReference; lastKnownFileType = sourcecode.swift; path = GetArticles.swift; sourceTree = "<group>"; };
		E99ED2802A2A482900AFC723 /* Weather.swift */ = {isa = PBXFileReference; lastKnownFileType = sourcecode.swift; path = Weather.swift; sourceTree = "<group>"; };
		E99ED2822A2A4A0600AFC723 /* GetWeather.swift */ = {isa = PBXFileReference; lastKnownFileType = sourcecode.swift; path = GetWeather.swift; sourceTree = "<group>"; };
		E9B0A9942A6C223E00140A49 /* MainTabBarController.swift */ = {isa = PBXFileReference; lastKnownFileType = sourcecode.swift; path = MainTabBarController.swift; sourceTree = "<group>"; };
		E9B0A9962A6C22C800140A49 /* MainNavigationController.swift */ = {isa = PBXFileReference; lastKnownFileType = sourcecode.swift; path = MainNavigationController.swift; sourceTree = "<group>"; };
		E9FD91C32A2AC27C008CB668 /* WeatherViewController.swift */ = {isa = PBXFileReference; lastKnownFileType = sourcecode.swift; path = WeatherViewController.swift; sourceTree = "<group>"; };
		E9FD91C62A2E1EDC008CB668 /* GoogleMapModel.swift */ = {isa = PBXFileReference; lastKnownFileType = sourcecode.swift; path = GoogleMapModel.swift; sourceTree = "<group>"; };
		E9FD91C82A2F5CE3008CB668 /* GoogleMaps.swift */ = {isa = PBXFileReference; lastKnownFileType = sourcecode.swift; path = GoogleMaps.swift; sourceTree = "<group>"; };
		E9FD91CA2A2F64F3008CB668 /* GoogleMapTableViewController.swift */ = {isa = PBXFileReference; lastKnownFileType = sourcecode.swift; path = GoogleMapTableViewController.swift; sourceTree = "<group>"; };
		E9FD91CC2A2F653F008CB668 /* GoogleMapTableViewCell.swift */ = {isa = PBXFileReference; lastKnownFileType = sourcecode.swift; path = GoogleMapTableViewCell.swift; sourceTree = "<group>"; };
		E9FD91CE2A30C2BF008CB668 /* DetailViewController.swift */ = {isa = PBXFileReference; lastKnownFileType = sourcecode.swift; path = DetailViewController.swift; sourceTree = "<group>"; };
		E9FD91D02A30D1FE008CB668 /* PhotoCollectionViewCell.swift */ = {isa = PBXFileReference; lastKnownFileType = sourcecode.swift; path = PhotoCollectionViewCell.swift; sourceTree = "<group>"; };
		E9FD91D22A30D236008CB668 /* ReviewsTableViewCell.swift */ = {isa = PBXFileReference; lastKnownFileType = sourcecode.swift; path = ReviewsTableViewCell.swift; sourceTree = "<group>"; };
/* End PBXFileReference section */

/* Begin PBXFrameworksBuildPhase section */
		E93528D12A1D022900823DF3 /* Frameworks */ = {
			isa = PBXFrameworksBuildPhase;
			buildActionMask = 2147483647;
			files = (
				E90E6AC62A219D7E009F008D /* FacebookLogin in Frameworks */,
				48723A3DEF0FB894A0390110 /* Pods_domeLogin.framework in Frameworks */,
			);
			runOnlyForDeploymentPostprocessing = 0;
		};
/* End PBXFrameworksBuildPhase section */

/* Begin PBXGroup section */
		990AB2EECFB9CD640B4A7192 /* Pods */ = {
			isa = PBXGroup;
			children = (
				C59001C5B6DE8F177E78CFDE /* Pods-domeLogin.debug.xcconfig */,
				E6C662AA9B2DD74A0E5EC65F /* Pods-domeLogin.release.xcconfig */,
			);
			path = Pods;
			sourceTree = "<group>";
		};
		A41E587F0CB88319CE550DA4 /* Frameworks */ = {
			isa = PBXGroup;
			children = (
				52D5E35CA865EC01D19FC457 /* Pods_domeLogin.framework */,
			);
			name = Frameworks;
			sourceTree = "<group>";
		};
		E93528CB2A1D022900823DF3 = {
			isa = PBXGroup;
			children = (
				E93528D62A1D022900823DF3 /* domeLogin */,
				E93528D52A1D022900823DF3 /* Products */,
				990AB2EECFB9CD640B4A7192 /* Pods */,
				A41E587F0CB88319CE550DA4 /* Frameworks */,
			);
			sourceTree = "<group>";
		};
		E93528D52A1D022900823DF3 /* Products */ = {
			isa = PBXGroup;
			children = (
				E93528D42A1D022900823DF3 /* domeLogin.app */,
			);
			name = Products;
			sourceTree = "<group>";
		};
		E93528D62A1D022900823DF3 /* domeLogin */ = {
			isa = PBXGroup;
			children = (
				E9FD91D42A316CD8008CB668 /* GoogleMap */,
				E9FD91C52A2E1E10008CB668 /* Weather */,
				E99ED27F2A2A1ABD00AFC723 /* Login */,
				E99ED27A2A28C91000AFC723 /* News */,
				E93528EB2A1D039600823DF3 /* domeLogin.entitlements */,
				E93528D72A1D022900823DF3 /* AppDelegate.swift */,
				E9B0A9942A6C223E00140A49 /* MainTabBarController.swift */,
				E9B0A9962A6C22C800140A49 /* MainNavigationController.swift */,
				E93528D92A1D022900823DF3 /* SceneDelegate.swift */,
				E93528E02A1D022A00823DF3 /* Assets.xcassets */,
				E93528E22A1D022A00823DF3 /* LaunchScreen.storyboard */,
				E93528E52A1D022A00823DF3 /* Info.plist */,
				E93528F72A1E4EEA00823DF3 /* GoogleService-Info.plist */,
			);
			path = domeLogin;
			sourceTree = "<group>";
		};
		E99ED27A2A28C91000AFC723 /* News */ = {
			isa = PBXGroup;
			children = (
				E99ED27B2A28CAEB00AFC723 /* GetArticles.swift */,
				E99ED2782A28C59B00AFC723 /* NewsModel.swift */,
				E99ED2762A28C3B700AFC723 /* NewsTableViewCell.swift */,
				E99ED2742A28C39B00AFC723 /* NewsTableViewController.swift */,
			);
			path = News;
			sourceTree = "<group>";
		};
		E99ED27F2A2A1ABD00AFC723 /* Login */ = {
			isa = PBXGroup;
			children = (
				E90E6ABE2A20992A009F008D /* FirebaseLoginViewController.swift */,
				E90E6AC22A20ABDA009F008D /* Alert + ViewController.swift */,
				E93528F92A20972800823DF3 /* FirebaseRegisterViewController.swift */,
				E93528F52A1D094C00823DF3 /* LoginViewController.swift */,
				E90E6AC02A20A6F4009F008D /* Login.swift */,
			);
			path = Login;
			sourceTree = "<group>";
		};
		E9FD91C52A2E1E10008CB668 /* Weather */ = {
			isa = PBXGroup;
			children = (
				E99ED2802A2A482900AFC723 /* Weather.swift */,
				E99ED2822A2A4A0600AFC723 /* GetWeather.swift */,
				E9FD91C32A2AC27C008CB668 /* WeatherViewController.swift */,
			);
			path = Weather;
			sourceTree = "<group>";
		};
		E9FD91D42A316CD8008CB668 /* GoogleMap */ = {
			isa = PBXGroup;
			children = (
				E9FD91C62A2E1EDC008CB668 /* GoogleMapModel.swift */,
				E9FD91C82A2F5CE3008CB668 /* GoogleMaps.swift */,
				E9FD91CA2A2F64F3008CB668 /* GoogleMapTableViewController.swift */,
				E9FD91D22A30D236008CB668 /* ReviewsTableViewCell.swift */,
				E9FD91D02A30D1FE008CB668 /* PhotoCollectionViewCell.swift */,
				E9FD91CE2A30C2BF008CB668 /* DetailViewController.swift */,
				E9FD91CC2A2F653F008CB668 /* GoogleMapTableViewCell.swift */,
			);
			path = GoogleMap;
			sourceTree = "<group>";
		};
/* End PBXGroup section */

/* Begin PBXNativeTarget section */
		E93528D32A1D022900823DF3 /* domeLogin */ = {
			isa = PBXNativeTarget;
			buildConfigurationList = E93528E82A1D022A00823DF3 /* Build configuration list for PBXNativeTarget "domeLogin" */;
			buildPhases = (
				1D6AE445043B2FEE86E92D25 /* [CP] Check Pods Manifest.lock */,
				E93528D02A1D022900823DF3 /* Sources */,
				E93528D12A1D022900823DF3 /* Frameworks */,
				E93528D22A1D022900823DF3 /* Resources */,
				8C206C994DA480AA2ADF6466 /* [CP] Embed Pods Frameworks */,
				1885B02462423AC485A0860C /* [CP] Copy Pods Resources */,
			);
			buildRules = (
			);
			dependencies = (
			);
			name = domeLogin;
			packageProductDependencies = (
				E90E6AC52A219D7E009F008D /* FacebookLogin */,
			);
			productName = domeLogin;
			productReference = E93528D42A1D022900823DF3 /* domeLogin.app */;
			productType = "com.apple.product-type.application";
		};
/* End PBXNativeTarget section */

/* Begin PBXProject section */
		E93528CC2A1D022900823DF3 /* Project object */ = {
			isa = PBXProject;
			attributes = {
				BuildIndependentTargetsInParallel = 1;
				LastSwiftUpdateCheck = 1420;
				LastUpgradeCheck = 1420;
				TargetAttributes = {
					E93528D32A1D022900823DF3 = {
						CreatedOnToolsVersion = 14.2;
					};
				};
			};
			buildConfigurationList = E93528CF2A1D022900823DF3 /* Build configuration list for PBXProject "domeLogin" */;
			compatibilityVersion = "Xcode 14.0";
			developmentRegion = en;
			hasScannedForEncodings = 0;
			knownRegions = (
				en,
				Base,
			);
			mainGroup = E93528CB2A1D022900823DF3;
			packageReferences = (
				E90E6AC42A219D7E009F008D /* XCRemoteSwiftPackageReference "facebook-ios-sdk" */,
			);
			productRefGroup = E93528D52A1D022900823DF3 /* Products */;
			projectDirPath = "";
			projectRoot = "";
			targets = (
				E93528D32A1D022900823DF3 /* domeLogin */,
			);
		};
/* End PBXProject section */

/* Begin PBXResourcesBuildPhase section */
		E93528D22A1D022900823DF3 /* Resources */ = {
			isa = PBXResourcesBuildPhase;
			buildActionMask = 2147483647;
			files = (
				E93528E42A1D022A00823DF3 /* LaunchScreen.storyboard in Resources */,
				E93528F82A1E4EEA00823DF3 /* GoogleService-Info.plist in Resources */,
				E93528E12A1D022A00823DF3 /* Assets.xcassets in Resources */,
			);
			runOnlyForDeploymentPostprocessing = 0;
		};
/* End PBXResourcesBuildPhase section */

/* Begin PBXShellScriptBuildPhase section */
		1885B02462423AC485A0860C /* [CP] Copy Pods Resources */ = {
			isa = PBXShellScriptBuildPhase;
			buildActionMask = 2147483647;
			files = (
			);
			inputFileListPaths = (
				"${PODS_ROOT}/Target Support Files/Pods-domeLogin/Pods-domeLogin-resources-${CONFIGURATION}-input-files.xcfilelist",
			);
			name = "[CP] Copy Pods Resources";
			outputFileListPaths = (
				"${PODS_ROOT}/Target Support Files/Pods-domeLogin/Pods-domeLogin-resources-${CONFIGURATION}-output-files.xcfilelist",
			);
			runOnlyForDeploymentPostprocessing = 0;
			shellPath = /bin/sh;
			shellScript = "\"${PODS_ROOT}/Target Support Files/Pods-domeLogin/Pods-domeLogin-resources.sh\"\n";
			showEnvVarsInLog = 0;
		};
		1D6AE445043B2FEE86E92D25 /* [CP] Check Pods Manifest.lock */ = {
			isa = PBXShellScriptBuildPhase;
			buildActionMask = 2147483647;
			files = (
			);
			inputFileListPaths = (
			);
			inputPaths = (
				"${PODS_PODFILE_DIR_PATH}/Podfile.lock",
				"${PODS_ROOT}/Manifest.lock",
			);
			name = "[CP] Check Pods Manifest.lock";
			outputFileListPaths = (
			);
			outputPaths = (
				"$(DERIVED_FILE_DIR)/Pods-domeLogin-checkManifestLockResult.txt",
			);
			runOnlyForDeploymentPostprocessing = 0;
			shellPath = /bin/sh;
			shellScript = "diff \"${PODS_PODFILE_DIR_PATH}/Podfile.lock\" \"${PODS_ROOT}/Manifest.lock\" > /dev/null\nif [ $? != 0 ] ; then\n    # print error to STDERR\n    echo \"error: The sandbox is not in sync with the Podfile.lock. Run 'pod install' or update your CocoaPods installation.\" >&2\n    exit 1\nfi\n# This output is used by Xcode 'outputs' to avoid re-running this script phase.\necho \"SUCCESS\" > \"${SCRIPT_OUTPUT_FILE_0}\"\n";
			showEnvVarsInLog = 0;
		};
		8C206C994DA480AA2ADF6466 /* [CP] Embed Pods Frameworks */ = {
			isa = PBXShellScriptBuildPhase;
			buildActionMask = 2147483647;
			files = (
			);
			inputFileListPaths = (
				"${PODS_ROOT}/Target Support Files/Pods-domeLogin/Pods-domeLogin-frameworks-${CONFIGURATION}-input-files.xcfilelist",
			);
			name = "[CP] Embed Pods Frameworks";
			outputFileListPaths = (
				"${PODS_ROOT}/Target Support Files/Pods-domeLogin/Pods-domeLogin-frameworks-${CONFIGURATION}-output-files.xcfilelist",
			);
			runOnlyForDeploymentPostprocessing = 0;
			shellPath = /bin/sh;
			shellScript = "\"${PODS_ROOT}/Target Support Files/Pods-domeLogin/Pods-domeLogin-frameworks.sh\"\n";
			showEnvVarsInLog = 0;
		};
/* End PBXShellScriptBuildPhase section */

/* Begin PBXSourcesBuildPhase section */
		E93528D02A1D022900823DF3 /* Sources */ = {
			isa = PBXSourcesBuildPhase;
			buildActionMask = 2147483647;
			files = (
				E9FD91C72A2E1EDC008CB668 /* GoogleMapModel.swift in Sources */,
				E9FD91D12A30D1FE008CB668 /* PhotoCollectionViewCell.swift in Sources */,
				E9B0A9952A6C223E00140A49 /* MainTabBarController.swift in Sources */,
				E9FD91D32A30D236008CB668 /* ReviewsTableViewCell.swift in Sources */,
				E9B0A9972A6C22C800140A49 /* MainNavigationController.swift in Sources */,
				E99ED2832A2A4A0600AFC723 /* GetWeather.swift in Sources */,
				E93528F62A1D094C00823DF3 /* LoginViewController.swift in Sources */,
				E90E6AC32A20ABDA009F008D /* Alert + ViewController.swift in Sources */,
				E99ED27C2A28CAEB00AFC723 /* GetArticles.swift in Sources */,
				E93528FA2A20972800823DF3 /* FirebaseRegisterViewController.swift in Sources */,
				E99ED2812A2A482900AFC723 /* Weather.swift in Sources */,
				E90E6AC12A20A6F4009F008D /* Login.swift in Sources */,
				E99ED2792A28C59B00AFC723 /* NewsModel.swift in Sources */,
				E9FD91C92A2F5CE3008CB668 /* GoogleMaps.swift in Sources */,
				E9FD91CF2A30C2BF008CB668 /* DetailViewController.swift in Sources */,
				E99ED2752A28C39B00AFC723 /* NewsTableViewController.swift in Sources */,
				E9FD91CB2A2F64F3008CB668 /* GoogleMapTableViewController.swift in Sources */,
				E93528D82A1D022900823DF3 /* AppDelegate.swift in Sources */,
				E90E6ABF2A20992A009F008D /* FirebaseLoginViewController.swift in Sources */,
				E9FD91C42A2AC27C008CB668 /* WeatherViewController.swift in Sources */,
				E9FD91CD2A2F653F008CB668 /* GoogleMapTableViewCell.swift in Sources */,
				E93528DA2A1D022900823DF3 /* SceneDelegate.swift in Sources */,
				E99ED2772A28C3B700AFC723 /* NewsTableViewCell.swift in Sources */,
			);
			runOnlyForDeploymentPostprocessing = 0;
		};
/* End PBXSourcesBuildPhase section */

/* Begin PBXVariantGroup section */
		E93528E22A1D022A00823DF3 /* LaunchScreen.storyboard */ = {
			isa = PBXVariantGroup;
			children = (
				E93528E32A1D022A00823DF3 /* Base */,
			);
			name = LaunchScreen.storyboard;
			sourceTree = "<group>";
		};
/* End PBXVariantGroup section */

/* Begin XCBuildConfiguration section */
		E93528E62A1D022A00823DF3 /* Debug */ = {
			isa = XCBuildConfiguration;
			buildSettings = {
				ALWAYS_SEARCH_USER_PATHS = NO;
				CLANG_ANALYZER_NONNULL = YES;
				CLANG_ANALYZER_NUMBER_OBJECT_CONVERSION = YES_AGGRESSIVE;
				CLANG_CXX_LANGUAGE_STANDARD = "gnu++20";
				CLANG_ENABLE_MODULES = YES;
				CLANG_ENABLE_OBJC_ARC = YES;
				CLANG_ENABLE_OBJC_WEAK = YES;
				CLANG_WARN_BLOCK_CAPTURE_AUTORELEASING = YES;
				CLANG_WARN_BOOL_CONVERSION = YES;
				CLANG_WARN_COMMA = YES;
				CLANG_WARN_CONSTANT_CONVERSION = YES;
				CLANG_WARN_DEPRECATED_OBJC_IMPLEMENTATIONS = YES;
				CLANG_WARN_DIRECT_OBJC_ISA_USAGE = YES_ERROR;
				CLANG_WARN_DOCUMENTATION_COMMENTS = YES;
				CLANG_WARN_EMPTY_BODY = YES;
				CLANG_WARN_ENUM_CONVERSION = YES;
				CLANG_WARN_INFINITE_RECURSION = YES;
				CLANG_WARN_INT_CONVERSION = YES;
				CLANG_WARN_NON_LITERAL_NULL_CONVERSION = YES;
				CLANG_WARN_OBJC_IMPLICIT_RETAIN_SELF = YES;
				CLANG_WARN_OBJC_LITERAL_CONVERSION = YES;
				CLANG_WARN_OBJC_ROOT_CLASS = YES_ERROR;
				CLANG_WARN_QUOTED_INCLUDE_IN_FRAMEWORK_HEADER = YES;
				CLANG_WARN_RANGE_LOOP_ANALYSIS = YES;
				CLANG_WARN_STRICT_PROTOTYPES = YES;
				CLANG_WARN_SUSPICIOUS_MOVE = YES;
				CLANG_WARN_UNGUARDED_AVAILABILITY = YES_AGGRESSIVE;
				CLANG_WARN_UNREACHABLE_CODE = YES;
				CLANG_WARN__DUPLICATE_METHOD_MATCH = YES;
				COPY_PHASE_STRIP = NO;
				DEBUG_INFORMATION_FORMAT = dwarf;
				ENABLE_STRICT_OBJC_MSGSEND = YES;
				ENABLE_TESTABILITY = YES;
				GCC_C_LANGUAGE_STANDARD = gnu11;
				GCC_DYNAMIC_NO_PIC = NO;
				GCC_NO_COMMON_BLOCKS = YES;
				GCC_OPTIMIZATION_LEVEL = 0;
				GCC_PREPROCESSOR_DEFINITIONS = (
					"DEBUG=1",
					"$(inherited)",
				);
				GCC_WARN_64_TO_32_BIT_CONVERSION = YES;
				GCC_WARN_ABOUT_RETURN_TYPE = YES_ERROR;
				GCC_WARN_UNDECLARED_SELECTOR = YES;
				GCC_WARN_UNINITIALIZED_AUTOS = YES_AGGRESSIVE;
				GCC_WARN_UNUSED_FUNCTION = YES;
				GCC_WARN_UNUSED_VARIABLE = YES;
				IPHONEOS_DEPLOYMENT_TARGET = 16.2;
				MTL_ENABLE_DEBUG_INFO = INCLUDE_SOURCE;
				MTL_FAST_MATH = YES;
				ONLY_ACTIVE_ARCH = YES;
				SDKROOT = iphoneos;
				SWIFT_ACTIVE_COMPILATION_CONDITIONS = DEBUG;
				SWIFT_OPTIMIZATION_LEVEL = "-Onone";
			};
			name = Debug;
		};
		E93528E72A1D022A00823DF3 /* Release */ = {
			isa = XCBuildConfiguration;
			buildSettings = {
				ALWAYS_SEARCH_USER_PATHS = NO;
				CLANG_ANALYZER_NONNULL = YES;
				CLANG_ANALYZER_NUMBER_OBJECT_CONVERSION = YES_AGGRESSIVE;
				CLANG_CXX_LANGUAGE_STANDARD = "gnu++20";
				CLANG_ENABLE_MODULES = YES;
				CLANG_ENABLE_OBJC_ARC = YES;
				CLANG_ENABLE_OBJC_WEAK = YES;
				CLANG_WARN_BLOCK_CAPTURE_AUTORELEASING = YES;
				CLANG_WARN_BOOL_CONVERSION = YES;
				CLANG_WARN_COMMA = YES;
				CLANG_WARN_CONSTANT_CONVERSION = YES;
				CLANG_WARN_DEPRECATED_OBJC_IMPLEMENTATIONS = YES;
				CLANG_WARN_DIRECT_OBJC_ISA_USAGE = YES_ERROR;
				CLANG_WARN_DOCUMENTATION_COMMENTS = YES;
				CLANG_WARN_EMPTY_BODY = YES;
				CLANG_WARN_ENUM_CONVERSION = YES;
				CLANG_WARN_INFINITE_RECURSION = YES;
				CLANG_WARN_INT_CONVERSION = YES;
				CLANG_WARN_NON_LITERAL_NULL_CONVERSION = YES;
				CLANG_WARN_OBJC_IMPLICIT_RETAIN_SELF = YES;
				CLANG_WARN_OBJC_LITERAL_CONVERSION = YES;
				CLANG_WARN_OBJC_ROOT_CLASS = YES_ERROR;
				CLANG_WARN_QUOTED_INCLUDE_IN_FRAMEWORK_HEADER = YES;
				CLANG_WARN_RANGE_LOOP_ANALYSIS = YES;
				CLANG_WARN_STRICT_PROTOTYPES = YES;
				CLANG_WARN_SUSPICIOUS_MOVE = YES;
				CLANG_WARN_UNGUARDED_AVAILABILITY = YES_AGGRESSIVE;
				CLANG_WARN_UNREACHABLE_CODE = YES;
				CLANG_WARN__DUPLICATE_METHOD_MATCH = YES;
				COPY_PHASE_STRIP = NO;
				DEBUG_INFORMATION_FORMAT = "dwarf-with-dsym";
				ENABLE_NS_ASSERTIONS = NO;
				ENABLE_STRICT_OBJC_MSGSEND = YES;
				GCC_C_LANGUAGE_STANDARD = gnu11;
				GCC_NO_COMMON_BLOCKS = YES;
				GCC_WARN_64_TO_32_BIT_CONVERSION = YES;
				GCC_WARN_ABOUT_RETURN_TYPE = YES_ERROR;
				GCC_WARN_UNDECLARED_SELECTOR = YES;
				GCC_WARN_UNINITIALIZED_AUTOS = YES_AGGRESSIVE;
				GCC_WARN_UNUSED_FUNCTION = YES;
				GCC_WARN_UNUSED_VARIABLE = YES;
				IPHONEOS_DEPLOYMENT_TARGET = 16.2;
				MTL_ENABLE_DEBUG_INFO = NO;
				MTL_FAST_MATH = YES;
				SDKROOT = iphoneos;
				SWIFT_COMPILATION_MODE = wholemodule;
				SWIFT_OPTIMIZATION_LEVEL = "-O";
				VALIDATE_PRODUCT = YES;
			};
			name = Release;
		};
		E93528E92A1D022A00823DF3 /* Debug */ = {
			isa = XCBuildConfiguration;
			baseConfigurationReference = C59001C5B6DE8F177E78CFDE /* Pods-domeLogin.debug.xcconfig */;
			buildSettings = {
				ASSETCATALOG_COMPILER_APPICON_NAME = AppIcon;
				ASSETCATALOG_COMPILER_GLOBAL_ACCENT_COLOR_NAME = AccentColor;
				CODE_SIGN_ENTITLEMENTS = domeLogin/domeLogin.entitlements;
				CODE_SIGN_STYLE = Automatic;
				CURRENT_PROJECT_VERSION = 1;
				DEVELOPMENT_TEAM = HMDHM6A3PV;
				GENERATE_INFOPLIST_FILE = YES;
				INFOPLIST_FILE = domeLogin/Info.plist;
				INFOPLIST_KEY_NSLocationAlwaysAndWhenInUseUsageDescription = "Please allow location to see local weather";
				INFOPLIST_KEY_NSLocationWhenInUseUsageDescription = "Please allow location to see local weather";
				INFOPLIST_KEY_UIApplicationSupportsIndirectInputEvents = YES;
				INFOPLIST_KEY_UILaunchStoryboardName = LaunchScreen;
				INFOPLIST_KEY_UIStatusBarStyle = "";
				INFOPLIST_KEY_UISupportedInterfaceOrientations = "UIInterfaceOrientationLandscapeLeft UIInterfaceOrientationLandscapeRight UIInterfaceOrientationPortrait";
				INFOPLIST_KEY_UISupportedInterfaceOrientations_iPad = "UIInterfaceOrientationLandscapeLeft UIInterfaceOrientationLandscapeRight UIInterfaceOrientationPortrait UIInterfaceOrientationPortraitUpsideDown";
				IPHONEOS_DEPLOYMENT_TARGET = 16.2;
				LD_RUNPATH_SEARCH_PATHS = (
					"$(inherited)",
					"@executable_path/Frameworks",
				);
				MARKETING_VERSION = 1.0;
				PRODUCT_BUNDLE_IDENTIFIER = com.eason.domeLogin;
				PRODUCT_NAME = "$(TARGET_NAME)";
				SWIFT_EMIT_LOC_STRINGS = YES;
				SWIFT_VERSION = 5.0;
				TARGETED_DEVICE_FAMILY = "1,2";
			};
			name = Debug;
		};
		E93528EA2A1D022A00823DF3 /* Release */ = {
			isa = XCBuildConfiguration;
			baseConfigurationReference = E6C662AA9B2DD74A0E5EC65F /* Pods-domeLogin.release.xcconfig */;
			buildSettings = {
				ASSETCATALOG_COMPILER_APPICON_NAME = AppIcon;
				ASSETCATALOG_COMPILER_GLOBAL_ACCENT_COLOR_NAME = AccentColor;
				CODE_SIGN_ENTITLEMENTS = domeLogin/domeLogin.entitlements;
				CODE_SIGN_STYLE = Automatic;
				CURRENT_PROJECT_VERSION = 1;
				DEVELOPMENT_TEAM = HMDHM6A3PV;
				GENERATE_INFOPLIST_FILE = YES;
				INFOPLIST_FILE = domeLogin/Info.plist;
				INFOPLIST_KEY_NSLocationAlwaysAndWhenInUseUsageDescription = "Please allow location to see local weather";
				INFOPLIST_KEY_NSLocationWhenInUseUsageDescription = "Please allow location to see local weather";
				INFOPLIST_KEY_UIApplicationSupportsIndirectInputEvents = YES;
				INFOPLIST_KEY_UILaunchStoryboardName = LaunchScreen;
				INFOPLIST_KEY_UIStatusBarStyle = "";
				INFOPLIST_KEY_UISupportedInterfaceOrientations = "UIInterfaceOrientationLandscapeLeft UIInterfaceOrientationLandscapeRight UIInterfaceOrientationPortrait";
				INFOPLIST_KEY_UISupportedInterfaceOrientations_iPad = "UIInterfaceOrientationLandscapeLeft UIInterfaceOrientationLandscapeRight UIInterfaceOrientationPortrait UIInterfaceOrientationPortraitUpsideDown";
				IPHONEOS_DEPLOYMENT_TARGET = 16.2;
				LD_RUNPATH_SEARCH_PATHS = (
					"$(inherited)",
					"@executable_path/Frameworks",
				);
				MARKETING_VERSION = 1.0;
				PRODUCT_BUNDLE_IDENTIFIER = com.eason.domeLogin;
				PRODUCT_NAME = "$(TARGET_NAME)";
				SWIFT_EMIT_LOC_STRINGS = YES;
				SWIFT_VERSION = 5.0;
				TARGETED_DEVICE_FAMILY = "1,2";
			};
			name = Release;
		};
/* End XCBuildConfiguration section */

/* Begin XCConfigurationList section */
		E93528CF2A1D022900823DF3 /* Build configuration list for PBXProject "domeLogin" */ = {
			isa = XCConfigurationList;
			buildConfigurations = (
				E93528E62A1D022A00823DF3 /* Debug */,
				E93528E72A1D022A00823DF3 /* Release */,
			);
			defaultConfigurationIsVisible = 0;
			defaultConfigurationName = Release;
		};
		E93528E82A1D022A00823DF3 /* Build configuration list for PBXNativeTarget "domeLogin" */ = {
			isa = XCConfigurationList;
			buildConfigurations = (
				E93528E92A1D022A00823DF3 /* Debug */,
				E93528EA2A1D022A00823DF3 /* Release */,
			);
			defaultConfigurationIsVisible = 0;
			defaultConfigurationName = Release;
		};
/* End XCConfigurationList section */

/* Begin XCRemoteSwiftPackageReference section */
		E90E6AC42A219D7E009F008D /* XCRemoteSwiftPackageReference "facebook-ios-sdk" */ = {
			isa = XCRemoteSwiftPackageReference;
			repositoryURL = "https://github.com/facebook/facebook-ios-sdk";
			requirement = {
				kind = upToNextMajorVersion;
				minimumVersion = 13.2.0;
			};
		};
/* End XCRemoteSwiftPackageReference section */

/* Begin XCSwiftPackageProductDependency section */
		E90E6AC52A219D7E009F008D /* FacebookLogin */ = {
			isa = XCSwiftPackageProductDependency;
			package = E90E6AC42A219D7E009F008D /* XCRemoteSwiftPackageReference "facebook-ios-sdk" */;
			productName = FacebookLogin;
		};
/* End XCSwiftPackageProductDependency section */
	};
	rootObject = E93528CC2A1D022900823DF3 /* Project object */;
}
